
Microsoft Visual Studio Solution File, Format Version 12.00
# Visual Studio Version 16
VisualStudioVersion = 16.0.29021.104
MinimumVisualStudioVersion = 10.0.40219.1
Project("{9A19103F-16F7-4668-BE54-9A1E7A4F7556}") = "BlazorUI.Server", "BlazorUI.Server\BlazorUI.Server.csproj", "{9F8CCCB4-1882-430D-A2F9-4B99AECF6812}"
EndProject
Project("{9A19103F-16F7-4668-BE54-9A1E7A4F7556}") = "BlazorUI.Client", "BlazorUI.Client\BlazorUI.Client.csproj", "{E22B9FBF-B4B5-4053-8A86-192CC66228F8}"
EndProject
Project("{9A19103F-16F7-4668-BE54-9A1E7A4F7556}") = "BlazorUI.Shared", "BlazorUI.Shared\BlazorUI.Shared.csproj", "{71986F49-68C3-4DFE-820B-F22B1E2CC688}"
EndProject
Project("{2150E333-8FDC-42A3-9474-1A3956D46DE8}") = "src", "src", "{0E23BEA0-17AE-459A-B762-09AC85C54445}"
EndProject
Project("{9A19103F-16F7-4668-BE54-9A1E7A4F7556}") = "DealerOn.Cam", "src\DealerOn.Cam\DealerOn.Cam.csproj", "{4272A4DA-A357-42C1-9D5D-364D682B12B1}"
EndProject
Project("{9A19103F-16F7-4668-BE54-9A1E7A4F7556}") = "DealerOn.Cam.Service", "src\DealerOn.Cam.Service\DealerOn.Cam.Service.csproj", "{80415118-8284-4DD1-B6AD-428D6586B79C}"
EndProject
Project("{2150E333-8FDC-42A3-9474-1A3956D46DE8}") = "totem", "totem", "{0E11EAF0-D6BC-4732-9E4D-BEB2AE938919}"
EndProject
Project("{9A19103F-16F7-4668-BE54-9A1E7A4F7556}") = "Totem", "totem\src\Totem\Totem.csproj", "{0C6C11A1-7C93-42E7-86A7-33C921BE726C}"
EndProject
Project("{9A19103F-16F7-4668-BE54-9A1E7A4F7556}") = "Totem.App.Service", "totem\src\Totem.App.Service\Totem.App.Service.csproj", "{909B76EA-69E9-45E9-8E25-6A1C5EB44DE3}"
EndProject
Project("{9A19103F-16F7-4668-BE54-9A1E7A4F7556}") = "Totem.App.Web", "totem\src\Totem.App.Web\Totem.App.Web.csproj", "{89367FA5-C668-47E2-A86E-D99129407B36}"
EndProject
Project("{9A19103F-16F7-4668-BE54-9A1E7A4F7556}") = "Totem.Runtime", "totem\src\Totem.Runtime\Totem.Runtime.csproj", "{1159818E-9054-41D2-AA57-58DC036F6FD0}"
EndProject
Project("{9A19103F-16F7-4668-BE54-9A1E7A4F7556}") = "Totem.Timeline", "totem\src\Totem.Timeline\Totem.Timeline.csproj", "{6E3B8E3D-E214-476B-9DAD-9325B221598F}"
EndProject
Project("{9A19103F-16F7-4668-BE54-9A1E7A4F7556}") = "Totem.Timeline.EventStore", "totem\src\Totem.Timeline.EventStore\Totem.Timeline.EventStore.csproj", "{B48DCC7F-1FC8-45EF-98DB-D98D93305C99}"
EndProject
Project("{9A19103F-16F7-4668-BE54-9A1E7A4F7556}") = "Totem.Timeline.Mvc", "totem\src\Totem.Timeline.Mvc\Totem.Timeline.Mvc.csproj", "{845612BA-96A9-491D-9465-F5B1D4355BD6}"
EndProject
Project("{9A19103F-16F7-4668-BE54-9A1E7A4F7556}") = "Totem.Timeline.SignalR", "totem\src\Totem.Timeline.SignalR\Totem.Timeline.SignalR.csproj", "{15038EB3-0262-49E5-B07A-C2886D338576}"
EndProject
Global
	GlobalSection(SolutionConfigurationPlatforms) = preSolution
		Debug|Any CPU = Debug|Any CPU
		Release|Any CPU = Release|Any CPU
	EndGlobalSection
	GlobalSection(ProjectConfigurationPlatforms) = postSolution
		{9F8CCCB4-1882-430D-A2F9-4B99AECF6812}.Debug|Any CPU.ActiveCfg = Debug|Any CPU
		{9F8CCCB4-1882-430D-A2F9-4B99AECF6812}.Debug|Any CPU.Build.0 = Debug|Any CPU
		{9F8CCCB4-1882-430D-A2F9-4B99AECF6812}.Release|Any CPU.ActiveCfg = Release|Any CPU
		{9F8CCCB4-1882-430D-A2F9-4B99AECF6812}.Release|Any CPU.Build.0 = Release|Any CPU
		{E22B9FBF-B4B5-4053-8A86-192CC66228F8}.Debug|Any CPU.ActiveCfg = Debug|Any CPU
		{E22B9FBF-B4B5-4053-8A86-192CC66228F8}.Debug|Any CPU.Build.0 = Debug|Any CPU
		{E22B9FBF-B4B5-4053-8A86-192CC66228F8}.Release|Any CPU.ActiveCfg = Release|Any CPU
		{E22B9FBF-B4B5-4053-8A86-192CC66228F8}.Release|Any CPU.Build.0 = Release|Any CPU
		{71986F49-68C3-4DFE-820B-F22B1E2CC688}.Debug|Any CPU.ActiveCfg = Debug|Any CPU
		{71986F49-68C3-4DFE-820B-F22B1E2CC688}.Debug|Any CPU.Build.0 = Debug|Any CPU
		{71986F49-68C3-4DFE-820B-F22B1E2CC688}.Release|Any CPU.ActiveCfg = Release|Any CPU
		{71986F49-68C3-4DFE-820B-F22B1E2CC688}.Release|Any CPU.Build.0 = Release|Any CPU
		{4272A4DA-A357-42C1-9D5D-364D682B12B1}.Debug|Any CPU.ActiveCfg = Debug|Any CPU
		{4272A4DA-A357-42C1-9D5D-364D682B12B1}.Debug|Any CPU.Build.0 = Debug|Any CPU
		{4272A4DA-A357-42C1-9D5D-364D682B12B1}.Release|Any CPU.ActiveCfg = Release|Any CPU
		{4272A4DA-A357-42C1-9D5D-364D682B12B1}.Release|Any CPU.Build.0 = Release|Any CPU
		{80415118-8284-4DD1-B6AD-428D6586B79C}.Debug|Any CPU.ActiveCfg = Debug|Any CPU
		{80415118-8284-4DD1-B6AD-428D6586B79C}.Debug|Any CPU.Build.0 = Debug|Any CPU
		{80415118-8284-4DD1-B6AD-428D6586B79C}.Release|Any CPU.ActiveCfg = Release|Any CPU
		{80415118-8284-4DD1-B6AD-428D6586B79C}.Release|Any CPU.Build.0 = Release|Any CPU
		{0C6C11A1-7C93-42E7-86A7-33C921BE726C}.Debug|Any CPU.ActiveCfg = Debug|Any CPU
		{0C6C11A1-7C93-42E7-86A7-33C921BE726C}.Debug|Any CPU.Build.0 = Debug|Any CPU
		{0C6C11A1-7C93-42E7-86A7-33C921BE726C}.Release|Any CPU.ActiveCfg = Release|Any CPU
		{0C6C11A1-7C93-42E7-86A7-33C921BE726C}.Release|Any CPU.Build.0 = Release|Any CPU
		{909B76EA-69E9-45E9-8E25-6A1C5EB44DE3}.Debug|Any CPU.ActiveCfg = Debug|Any CPU
		{909B76EA-69E9-45E9-8E25-6A1C5EB44DE3}.Debug|Any CPU.Build.0 = Debug|Any CPU
		{909B76EA-69E9-45E9-8E25-6A1C5EB44DE3}.Release|Any CPU.ActiveCfg = Release|Any CPU
		{909B76EA-69E9-45E9-8E25-6A1C5EB44DE3}.Release|Any CPU.Build.0 = Release|Any CPU
		{89367FA5-C668-47E2-A86E-D99129407B36}.Debug|Any CPU.ActiveCfg = Debug|Any CPU
		{89367FA5-C668-47E2-A86E-D99129407B36}.Debug|Any CPU.Build.0 = Debug|Any CPU
		{89367FA5-C668-47E2-A86E-D99129407B36}.Release|Any CPU.ActiveCfg = Release|Any CPU
		{89367FA5-C668-47E2-A86E-D99129407B36}.Release|Any CPU.Build.0 = Release|Any CPU
		{1159818E-9054-41D2-AA57-58DC036F6FD0}.Debug|Any CPU.ActiveCfg = Debug|Any CPU
		{1159818E-9054-41D2-AA57-58DC036F6FD0}.Debug|Any CPU.Build.0 = Debug|Any CPU
		{1159818E-9054-41D2-AA57-58DC036F6FD0}.Release|Any CPU.ActiveCfg = Release|Any CPU
		{1159818E-9054-41D2-AA57-58DC036F6FD0}.Release|Any CPU.Build.0 = Release|Any CPU
		{6E3B8E3D-E214-476B-9DAD-9325B221598F}.Debug|Any CPU.ActiveCfg = Debug|Any CPU
		{6E3B8E3D-E214-476B-9DAD-9325B221598F}.Debug|Any CPU.Build.0 = Debug|Any CPU
		{6E3B8E3D-E214-476B-9DAD-9325B221598F}.Release|Any CPU.ActiveCfg = Release|Any CPU
		{6E3B8E3D-E214-476B-9DAD-9325B221598F}.Release|Any CPU.Build.0 = Release|Any CPU
		{B48DCC7F-1FC8-45EF-98DB-D98D93305C99}.Debug|Any CPU.ActiveCfg = Debug|Any CPU
		{B48DCC7F-1FC8-45EF-98DB-D98D93305C99}.Debug|Any CPU.Build.0 = Debug|Any CPU
		{B48DCC7F-1FC8-45EF-98DB-D98D93305C99}.Release|Any CPU.ActiveCfg = Release|Any CPU
		{B48DCC7F-1FC8-45EF-98DB-D98D93305C99}.Release|Any CPU.Build.0 = Release|Any CPU
		{845612BA-96A9-491D-9465-F5B1D4355BD6}.Debug|Any CPU.ActiveCfg = Debug|Any CPU
		{845612BA-96A9-491D-9465-F5B1D4355BD6}.Debug|Any CPU.Build.0 = Debug|Any CPU
		{845612BA-96A9-491D-9465-F5B1D4355BD6}.Release|Any CPU.ActiveCfg = Release|Any CPU
		{845612BA-96A9-491D-9465-F5B1D4355BD6}.Release|Any CPU.Build.0 = Release|Any CPU
		{15038EB3-0262-49E5-B07A-C2886D338576}.Debug|Any CPU.ActiveCfg = Debug|Any CPU
		{15038EB3-0262-49E5-B07A-C2886D338576}.Debug|Any CPU.Build.0 = Debug|Any CPU
		{15038EB3-0262-49E5-B07A-C2886D338576}.Release|Any CPU.ActiveCfg = Release|Any CPU
		{15038EB3-0262-49E5-B07A-C2886D338576}.Release|Any CPU.Build.0 = Release|Any CPU
	EndGlobalSection
	GlobalSection(SolutionProperties) = preSolution
		HideSolutionNode = FALSE
	EndGlobalSection
	GlobalSection(NestedProjects) = preSolution
		{4272A4DA-A357-42C1-9D5D-364D682B12B1} = {0E23BEA0-17AE-459A-B762-09AC85C54445}
		{80415118-8284-4DD1-B6AD-428D6586B79C} = {0E23BEA0-17AE-459A-B762-09AC85C54445}
		{0C6C11A1-7C93-42E7-86A7-33C921BE726C} = {0E11EAF0-D6BC-4732-9E4D-BEB2AE938919}
		{909B76EA-69E9-45E9-8E25-6A1C5EB44DE3} = {0E11EAF0-D6BC-4732-9E4D-BEB2AE938919}
		{89367FA5-C668-47E2-A86E-D99129407B36} = {0E11EAF0-D6BC-4732-9E4D-BEB2AE938919}
		{1159818E-9054-41D2-AA57-58DC036F6FD0} = {0E11EAF0-D6BC-4732-9E4D-BEB2AE938919}
		{6E3B8E3D-E214-476B-9DAD-9325B221598F} = {0E11EAF0-D6BC-4732-9E4D-BEB2AE938919}
		{B48DCC7F-1FC8-45EF-98DB-D98D93305C99} = {0E11EAF0-D6BC-4732-9E4D-BEB2AE938919}
		{845612BA-96A9-491D-9465-F5B1D4355BD6} = {0E11EAF0-D6BC-4732-9E4D-BEB2AE938919}
		{15038EB3-0262-49E5-B07A-C2886D338576} = {0E11EAF0-D6BC-4732-9E4D-BEB2AE938919}
	EndGlobalSection
	GlobalSection(ExtensibilityGlobals) = postSolution
		SolutionGuid = {76E41B91-C3AC-446C-94EA-AFDFE9D57587}
	EndGlobalSection
EndGlobal
